
Microsoft Visual Studio Solution File, Format Version 12.00
# Visual Studio 14
VisualStudioVersion = 14.0.23107.0
MinimumVisualStudioVersion = 10.0.40219.1
Project("{FAE04EC0-301F-11D3-BF4B-00C04F79EFBC}") = "ConnectFinance_.Droid", "ConnectFinance_\ConnectFinance_.Droid\ConnectFinance_.Droid.csproj", "{EB2A60D7-94F0-4482-BBAA-01FA5BD8F260}"
EndProject
Project("{FAE04EC0-301F-11D3-BF4B-00C04F79EFBC}") = "ConnectFinance_.iOS", "ConnectFinance_\ConnectFinance_.iOS\ConnectFinance_.iOS.csproj", "{4272CA60-C5CA-4D92-AF08-BA8E2B835AFC}"
EndProject
Project("{D954291E-2A0B-460D-934E-DC6B0785DB48}") = "ConnectFinance_", "ConnectFinance_\ConnectFinance_\ConnectFinance_.shproj", "{DCFF6DBD-AEDC-469B-9BC9-846838BE8A1F}"
EndProject
Global
	GlobalSection(SharedMSBuildProjectFiles) = preSolution
		ConnectFinance_\ConnectFinance_\ConnectFinance_.projitems*{dcff6dbd-aedc-469b-9bc9-846838be8a1f}*SharedItemsImports = 13
	EndGlobalSection
	GlobalSection(SolutionConfigurationPlatforms) = preSolution
		Ad-Hoc|Any CPU = Ad-Hoc|Any CPU
		Ad-Hoc|iPhone = Ad-Hoc|iPhone
		Ad-Hoc|iPhoneSimulator = Ad-Hoc|iPhoneSimulator
		AppStore|Any CPU = AppStore|Any CPU
		AppStore|iPhone = AppStore|iPhone
		AppStore|iPhoneSimulator = AppStore|iPhoneSimulator
		Debug|Any CPU = Debug|Any CPU
		Debug|iPhone = Debug|iPhone
		Debug|iPhoneSimulator = Debug|iPhoneSimulator
		Release|Any CPU = Release|Any CPU
		Release|iPhone = Release|iPhone
		Release|iPhoneSimulator = Release|iPhoneSimulator
	EndGlobalSection
	GlobalSection(ProjectConfigurationPlatforms) = postSolution
		{EB2A60D7-94F0-4482-BBAA-01FA5BD8F260}.Ad-Hoc|Any CPU.ActiveCfg = Release|Any CPU
		{EB2A60D7-94F0-4482-BBAA-01FA5BD8F260}.Ad-Hoc|Any CPU.Build.0 = Release|Any CPU
		{EB2A60D7-94F0-4482-BBAA-01FA5BD8F260}.Ad-Hoc|Any CPU.Deploy.0 = Release|Any CPU
		{EB2A60D7-94F0-4482-BBAA-01FA5BD8F260}.Ad-Hoc|iPhone.ActiveCfg = Release|Any CPU
		{EB2A60D7-94F0-4482-BBAA-01FA5BD8F260}.Ad-Hoc|iPhone.Build.0 = Release|Any CPU
		{EB2A60D7-94F0-4482-BBAA-01FA5BD8F260}.Ad-Hoc|iPhone.Deploy.0 = Release|Any CPU
		{EB2A60D7-94F0-4482-BBAA-01FA5BD8F260}.Ad-Hoc|iPhoneSimulator.ActiveCfg = Release|Any CPU
		{EB2A60D7-94F0-4482-BBAA-01FA5BD8F260}.Ad-Hoc|iPhoneSimulator.Build.0 = Release|Any CPU
		{EB2A60D7-94F0-4482-BBAA-01FA5BD8F260}.Ad-Hoc|iPhoneSimulator.Deploy.0 = Release|Any CPU
		{EB2A60D7-94F0-4482-BBAA-01FA5BD8F260}.AppStore|Any CPU.ActiveCfg = Release|Any CPU
		{EB2A60D7-94F0-4482-BBAA-01FA5BD8F260}.AppStore|Any CPU.Build.0 = Release|Any CPU
		{EB2A60D7-94F0-4482-BBAA-01FA5BD8F260}.AppStore|Any CPU.Deploy.0 = Release|Any CPU
		{EB2A60D7-94F0-4482-BBAA-01FA5BD8F260}.AppStore|iPhone.ActiveCfg = Release|Any CPU
		{EB2A60D7-94F0-4482-BBAA-01FA5BD8F260}.AppStore|iPhone.Build.0 = Release|Any CPU
		{EB2A60D7-94F0-4482-BBAA-01FA5BD8F260}.AppStore|iPhone.Deploy.0 = Release|Any CPU
		{EB2A60D7-94F0-4482-BBAA-01FA5BD8F260}.AppStore|iPhoneSimulator.ActiveCfg = Release|Any CPU
		{EB2A60D7-94F0-4482-BBAA-01FA5BD8F260}.AppStore|iPhoneSimulator.Build.0 = Release|Any CPU
		{EB2A60D7-94F0-4482-BBAA-01FA5BD8F260}.AppStore|iPhoneSimulator.Deploy.0 = Release|Any CPU
		{EB2A60D7-94F0-4482-BBAA-01FA5BD8F260}.Debug|Any CPU.ActiveCfg = Debug|Any CPU
		{EB2A60D7-94F0-4482-BBAA-01FA5BD8F260}.Debug|Any CPU.Build.0 = Debug|Any CPU
		{EB2A60D7-94F0-4482-BBAA-01FA5BD8F260}.Debug|Any CPU.Deploy.0 = Debug|Any CPU
		{EB2A60D7-94F0-4482-BBAA-01FA5BD8F260}.Debug|iPhone.ActiveCfg = Debug|Any CPU
		{EB2A60D7-94F0-4482-BBAA-01FA5BD8F260}.Debug|iPhone.Build.0 = Debug|Any CPU
		{EB2A60D7-94F0-4482-BBAA-01FA5BD8F260}.Debug|iPhone.Deploy.0 = Debug|Any CPU
		{EB2A60D7-94F0-4482-BBAA-01FA5BD8F260}.Debug|iPhoneSimulator.ActiveCfg = Debug|Any CPU
		{EB2A60D7-94F0-4482-BBAA-01FA5BD8F260}.Debug|iPhoneSimulator.Build.0 = Debug|Any CPU
		{EB2A60D7-94F0-4482-BBAA-01FA5BD8F260}.Debug|iPhoneSimulator.Deploy.0 = Debug|Any CPU
		{EB2A60D7-94F0-4482-BBAA-01FA5BD8F260}.Release|Any CPU.ActiveCfg = Release|Any CPU
		{EB2A60D7-94F0-4482-BBAA-01FA5BD8F260}.Release|Any CPU.Build.0 = Release|Any CPU
		{EB2A60D7-94F0-4482-BBAA-01FA5BD8F260}.Release|Any CPU.Deploy.0 = Release|Any CPU
		{EB2A60D7-94F0-4482-BBAA-01FA5BD8F260}.Release|iPhone.ActiveCfg = Release|Any CPU
		{EB2A60D7-94F0-4482-BBAA-01FA5BD8F260}.Release|iPhone.Build.0 = Release|Any CPU
		{EB2A60D7-94F0-4482-BBAA-01FA5BD8F260}.Release|iPhone.Deploy.0 = Release|Any CPU
		{EB2A60D7-94F0-4482-BBAA-01FA5BD8F260}.Release|iPhoneSimulator.ActiveCfg = Release|Any CPU
		{EB2A60D7-94F0-4482-BBAA-01FA5BD8F260}.Release|iPhoneSimulator.Build.0 = Release|Any CPU
		{EB2A60D7-94F0-4482-BBAA-01FA5BD8F260}.Release|iPhoneSimulator.Deploy.0 = Release|Any CPU
		{4272CA60-C5CA-4D92-AF08-BA8E2B835AFC}.Ad-Hoc|Any CPU.ActiveCfg = Ad-Hoc|iPhone
		{4272CA60-C5CA-4D92-AF08-BA8E2B835AFC}.Ad-Hoc|iPhone.ActiveCfg = Ad-Hoc|iPhone
		{4272CA60-C5CA-4D92-AF08-BA8E2B835AFC}.Ad-Hoc|iPhone.Build.0 = Ad-Hoc|iPhone
		{4272CA60-C5CA-4D92-AF08-BA8E2B835AFC}.Ad-Hoc|iPhoneSimulator.ActiveCfg = Ad-Hoc|iPhoneSimulator
		{4272CA60-C5CA-4D92-AF08-BA8E2B835AFC}.Ad-Hoc|iPhoneSimulator.Build.0 = Ad-Hoc|iPhoneSimulator
		{4272CA60-C5CA-4D92-AF08-BA8E2B835AFC}.AppStore|Any CPU.ActiveCfg = AppStore|iPhone
		{4272CA60-C5CA-4D92-AF08-BA8E2B835AFC}.AppStore|iPhone.ActiveCfg = AppStore|iPhone
		{4272CA60-C5CA-4D92-AF08-BA8E2B835AFC}.AppStore|iPhone.Build.0 = AppStore|iPhone
		{4272CA60-C5CA-4D92-AF08-BA8E2B835AFC}.AppStore|iPhoneSimulator.ActiveCfg = AppStore|iPhoneSimulator
		{4272CA60-C5CA-4D92-AF08-BA8E2B835AFC}.AppStore|iPhoneSimulator.Build.0 = AppStore|iPhoneSimulator
		{4272CA60-C5CA-4D92-AF08-BA8E2B835AFC}.Debug|Any CPU.ActiveCfg = Debug|iPhone
		{4272CA60-C5CA-4D92-AF08-BA8E2B835AFC}.Debug|iPhone.ActiveCfg = Debug|iPhone
		{4272CA60-C5CA-4D92-AF08-BA8E2B835AFC}.Debug|iPhone.Build.0 = Debug|iPhone
		{4272CA60-C5CA-4D92-AF08-BA8E2B835AFC}.Debug|iPhoneSimulator.ActiveCfg = Debug|iPhoneSimulator
		{4272CA60-C5CA-4D92-AF08-BA8E2B835AFC}.Debug|iPhoneSimulator.Build.0 = Debug|iPhoneSimulator
		{4272CA60-C5CA-4D92-AF08-BA8E2B835AFC}.Release|Any CPU.ActiveCfg = Release|iPhone
		{4272CA60-C5CA-4D92-AF08-BA8E2B835AFC}.Release|iPhone.ActiveCfg = Release|iPhone
		{4272CA60-C5CA-4D92-AF08-BA8E2B835AFC}.Release|iPhone.Build.0 = Release|iPhone
		{4272CA60-C5CA-4D92-AF08-BA8E2B835AFC}.Release|iPhoneSimulator.ActiveCfg = Release|iPhoneSimulator
		{4272CA60-C5CA-4D92-AF08-BA8E2B835AFC}.Release|iPhoneSimulator.Build.0 = Release|iPhoneSimulator
	EndGlobalSection
	GlobalSection(SolutionProperties) = preSolution
		HideSolutionNode = FALSE
	EndGlobalSection
EndGlobal
