
Microsoft Visual Studio Solution File, Format Version 12.00
# Visual Studio 14
VisualStudioVersion = 14.0.23107.0
MinimumVisualStudioVersion = 10.0.40219.1
Project("{FAE04EC0-301F-11D3-BF4B-00C04F79EFBC}") = "ConnectFinance.Droid", "ConnectFinance\ConnectFinance.Droid\ConnectFinance.Droid.csproj", "{24201E79-E6F1-4DCD-8481-39011E97267F}"
EndProject
Project("{FAE04EC0-301F-11D3-BF4B-00C04F79EFBC}") = "ConnectFinance.iOS", "ConnectFinance\ConnectFinance.iOS\ConnectFinance.iOS.csproj", "{C06D21CB-056C-4613-908D-702314A7E8AD}"
EndProject
Project("{FAE04EC0-301F-11D3-BF4B-00C04F79EFBC}") = "ConnectFinance.WinPhone", "ConnectFinance\ConnectFinance.WinPhone\ConnectFinance.WinPhone.csproj", "{C4AC1871-8AE8-4FC3-B50D-0A44408E5666}"
EndProject
Project("{FAE04EC0-301F-11D3-BF4B-00C04F79EFBC}") = "ConnectFinance", "ConnectFinance\ConnectFinance\ConnectFinance.csproj", "{A76CB44D-E7A6-41A6-939D-D74711FE48BE}"
EndProject
Global
	GlobalSection(SolutionConfigurationPlatforms) = preSolution
		Ad-Hoc|Any CPU = Ad-Hoc|Any CPU
		Ad-Hoc|ARM = Ad-Hoc|ARM
		Ad-Hoc|iPhone = Ad-Hoc|iPhone
		Ad-Hoc|iPhoneSimulator = Ad-Hoc|iPhoneSimulator
		Ad-Hoc|x86 = Ad-Hoc|x86
		AppStore|Any CPU = AppStore|Any CPU
		AppStore|ARM = AppStore|ARM
		AppStore|iPhone = AppStore|iPhone
		AppStore|iPhoneSimulator = AppStore|iPhoneSimulator
		AppStore|x86 = AppStore|x86
		Debug|Any CPU = Debug|Any CPU
		Debug|ARM = Debug|ARM
		Debug|iPhone = Debug|iPhone
		Debug|iPhoneSimulator = Debug|iPhoneSimulator
		Debug|x86 = Debug|x86
		Release|Any CPU = Release|Any CPU
		Release|ARM = Release|ARM
		Release|iPhone = Release|iPhone
		Release|iPhoneSimulator = Release|iPhoneSimulator
		Release|x86 = Release|x86
	EndGlobalSection
	GlobalSection(ProjectConfigurationPlatforms) = postSolution
		{24201E79-E6F1-4DCD-8481-39011E97267F}.Ad-Hoc|Any CPU.ActiveCfg = Release|Any CPU
		{24201E79-E6F1-4DCD-8481-39011E97267F}.Ad-Hoc|Any CPU.Build.0 = Release|Any CPU
		{24201E79-E6F1-4DCD-8481-39011E97267F}.Ad-Hoc|Any CPU.Deploy.0 = Release|Any CPU
		{24201E79-E6F1-4DCD-8481-39011E97267F}.Ad-Hoc|ARM.ActiveCfg = Release|Any CPU
		{24201E79-E6F1-4DCD-8481-39011E97267F}.Ad-Hoc|ARM.Build.0 = Release|Any CPU
		{24201E79-E6F1-4DCD-8481-39011E97267F}.Ad-Hoc|ARM.Deploy.0 = Release|Any CPU
		{24201E79-E6F1-4DCD-8481-39011E97267F}.Ad-Hoc|iPhone.ActiveCfg = Release|Any CPU
		{24201E79-E6F1-4DCD-8481-39011E97267F}.Ad-Hoc|iPhone.Build.0 = Release|Any CPU
		{24201E79-E6F1-4DCD-8481-39011E97267F}.Ad-Hoc|iPhone.Deploy.0 = Release|Any CPU
		{24201E79-E6F1-4DCD-8481-39011E97267F}.Ad-Hoc|iPhoneSimulator.ActiveCfg = Release|Any CPU
		{24201E79-E6F1-4DCD-8481-39011E97267F}.Ad-Hoc|iPhoneSimulator.Build.0 = Release|Any CPU
		{24201E79-E6F1-4DCD-8481-39011E97267F}.Ad-Hoc|iPhoneSimulator.Deploy.0 = Release|Any CPU
		{24201E79-E6F1-4DCD-8481-39011E97267F}.Ad-Hoc|x86.ActiveCfg = Release|Any CPU
		{24201E79-E6F1-4DCD-8481-39011E97267F}.Ad-Hoc|x86.Build.0 = Release|Any CPU
		{24201E79-E6F1-4DCD-8481-39011E97267F}.Ad-Hoc|x86.Deploy.0 = Release|Any CPU
		{24201E79-E6F1-4DCD-8481-39011E97267F}.AppStore|Any CPU.ActiveCfg = Release|Any CPU
		{24201E79-E6F1-4DCD-8481-39011E97267F}.AppStore|Any CPU.Build.0 = Release|Any CPU
		{24201E79-E6F1-4DCD-8481-39011E97267F}.AppStore|Any CPU.Deploy.0 = Release|Any CPU
		{24201E79-E6F1-4DCD-8481-39011E97267F}.AppStore|ARM.ActiveCfg = Release|Any CPU
		{24201E79-E6F1-4DCD-8481-39011E97267F}.AppStore|ARM.Build.0 = Release|Any CPU
		{24201E79-E6F1-4DCD-8481-39011E97267F}.AppStore|ARM.Deploy.0 = Release|Any CPU
		{24201E79-E6F1-4DCD-8481-39011E97267F}.AppStore|iPhone.ActiveCfg = Release|Any CPU
		{24201E79-E6F1-4DCD-8481-39011E97267F}.AppStore|iPhone.Build.0 = Release|Any CPU
		{24201E79-E6F1-4DCD-8481-39011E97267F}.AppStore|iPhone.Deploy.0 = Release|Any CPU
		{24201E79-E6F1-4DCD-8481-39011E97267F}.AppStore|iPhoneSimulator.ActiveCfg = Release|Any CPU
		{24201E79-E6F1-4DCD-8481-39011E97267F}.AppStore|iPhoneSimulator.Build.0 = Release|Any CPU
		{24201E79-E6F1-4DCD-8481-39011E97267F}.AppStore|iPhoneSimulator.Deploy.0 = Release|Any CPU
		{24201E79-E6F1-4DCD-8481-39011E97267F}.AppStore|x86.ActiveCfg = Release|Any CPU
		{24201E79-E6F1-4DCD-8481-39011E97267F}.AppStore|x86.Build.0 = Release|Any CPU
		{24201E79-E6F1-4DCD-8481-39011E97267F}.AppStore|x86.Deploy.0 = Release|Any CPU
		{24201E79-E6F1-4DCD-8481-39011E97267F}.Debug|Any CPU.ActiveCfg = Debug|Any CPU
		{24201E79-E6F1-4DCD-8481-39011E97267F}.Debug|Any CPU.Build.0 = Debug|Any CPU
		{24201E79-E6F1-4DCD-8481-39011E97267F}.Debug|Any CPU.Deploy.0 = Debug|Any CPU
		{24201E79-E6F1-4DCD-8481-39011E97267F}.Debug|ARM.ActiveCfg = Debug|Any CPU
		{24201E79-E6F1-4DCD-8481-39011E97267F}.Debug|ARM.Build.0 = Debug|Any CPU
		{24201E79-E6F1-4DCD-8481-39011E97267F}.Debug|ARM.Deploy.0 = Debug|Any CPU
		{24201E79-E6F1-4DCD-8481-39011E97267F}.Debug|iPhone.ActiveCfg = Debug|Any CPU
		{24201E79-E6F1-4DCD-8481-39011E97267F}.Debug|iPhone.Build.0 = Debug|Any CPU
		{24201E79-E6F1-4DCD-8481-39011E97267F}.Debug|iPhone.Deploy.0 = Debug|Any CPU
		{24201E79-E6F1-4DCD-8481-39011E97267F}.Debug|iPhoneSimulator.ActiveCfg = Debug|Any CPU
		{24201E79-E6F1-4DCD-8481-39011E97267F}.Debug|iPhoneSimulator.Build.0 = Debug|Any CPU
		{24201E79-E6F1-4DCD-8481-39011E97267F}.Debug|iPhoneSimulator.Deploy.0 = Debug|Any CPU
		{24201E79-E6F1-4DCD-8481-39011E97267F}.Debug|x86.ActiveCfg = Debug|Any CPU
		{24201E79-E6F1-4DCD-8481-39011E97267F}.Debug|x86.Build.0 = Debug|Any CPU
		{24201E79-E6F1-4DCD-8481-39011E97267F}.Debug|x86.Deploy.0 = Debug|Any CPU
		{24201E79-E6F1-4DCD-8481-39011E97267F}.Release|Any CPU.ActiveCfg = Release|Any CPU
		{24201E79-E6F1-4DCD-8481-39011E97267F}.Release|Any CPU.Build.0 = Release|Any CPU
		{24201E79-E6F1-4DCD-8481-39011E97267F}.Release|Any CPU.Deploy.0 = Release|Any CPU
		{24201E79-E6F1-4DCD-8481-39011E97267F}.Release|ARM.ActiveCfg = Release|Any CPU
		{24201E79-E6F1-4DCD-8481-39011E97267F}.Release|ARM.Build.0 = Release|Any CPU
		{24201E79-E6F1-4DCD-8481-39011E97267F}.Release|ARM.Deploy.0 = Release|Any CPU
		{24201E79-E6F1-4DCD-8481-39011E97267F}.Release|iPhone.ActiveCfg = Release|Any CPU
		{24201E79-E6F1-4DCD-8481-39011E97267F}.Release|iPhone.Build.0 = Release|Any CPU
		{24201E79-E6F1-4DCD-8481-39011E97267F}.Release|iPhone.Deploy.0 = Release|Any CPU
		{24201E79-E6F1-4DCD-8481-39011E97267F}.Release|iPhoneSimulator.ActiveCfg = Release|Any CPU
		{24201E79-E6F1-4DCD-8481-39011E97267F}.Release|iPhoneSimulator.Build.0 = Release|Any CPU
		{24201E79-E6F1-4DCD-8481-39011E97267F}.Release|iPhoneSimulator.Deploy.0 = Release|Any CPU
		{24201E79-E6F1-4DCD-8481-39011E97267F}.Release|x86.ActiveCfg = Release|Any CPU
		{24201E79-E6F1-4DCD-8481-39011E97267F}.Release|x86.Build.0 = Release|Any CPU
		{24201E79-E6F1-4DCD-8481-39011E97267F}.Release|x86.Deploy.0 = Release|Any CPU
		{C06D21CB-056C-4613-908D-702314A7E8AD}.Ad-Hoc|Any CPU.ActiveCfg = Ad-Hoc|iPhone
		{C06D21CB-056C-4613-908D-702314A7E8AD}.Ad-Hoc|ARM.ActiveCfg = Ad-Hoc|iPhone
		{C06D21CB-056C-4613-908D-702314A7E8AD}.Ad-Hoc|iPhone.ActiveCfg = Ad-Hoc|iPhone
		{C06D21CB-056C-4613-908D-702314A7E8AD}.Ad-Hoc|iPhone.Build.0 = Ad-Hoc|iPhone
		{C06D21CB-056C-4613-908D-702314A7E8AD}.Ad-Hoc|iPhoneSimulator.ActiveCfg = Ad-Hoc|iPhoneSimulator
		{C06D21CB-056C-4613-908D-702314A7E8AD}.Ad-Hoc|iPhoneSimulator.Build.0 = Ad-Hoc|iPhoneSimulator
		{C06D21CB-056C-4613-908D-702314A7E8AD}.Ad-Hoc|x86.ActiveCfg = Ad-Hoc|iPhone
		{C06D21CB-056C-4613-908D-702314A7E8AD}.AppStore|Any CPU.ActiveCfg = AppStore|iPhone
		{C06D21CB-056C-4613-908D-702314A7E8AD}.AppStore|ARM.ActiveCfg = AppStore|iPhone
		{C06D21CB-056C-4613-908D-702314A7E8AD}.AppStore|iPhone.ActiveCfg = AppStore|iPhone
		{C06D21CB-056C-4613-908D-702314A7E8AD}.AppStore|iPhone.Build.0 = AppStore|iPhone
		{C06D21CB-056C-4613-908D-702314A7E8AD}.AppStore|iPhoneSimulator.ActiveCfg = AppStore|iPhoneSimulator
		{C06D21CB-056C-4613-908D-702314A7E8AD}.AppStore|iPhoneSimulator.Build.0 = AppStore|iPhoneSimulator
		{C06D21CB-056C-4613-908D-702314A7E8AD}.AppStore|x86.ActiveCfg = AppStore|iPhone
		{C06D21CB-056C-4613-908D-702314A7E8AD}.Debug|Any CPU.ActiveCfg = Debug|iPhone
		{C06D21CB-056C-4613-908D-702314A7E8AD}.Debug|ARM.ActiveCfg = Debug|iPhone
		{C06D21CB-056C-4613-908D-702314A7E8AD}.Debug|iPhone.ActiveCfg = Debug|iPhone
		{C06D21CB-056C-4613-908D-702314A7E8AD}.Debug|iPhone.Build.0 = Debug|iPhone
		{C06D21CB-056C-4613-908D-702314A7E8AD}.Debug|iPhoneSimulator.ActiveCfg = Debug|iPhoneSimulator
		{C06D21CB-056C-4613-908D-702314A7E8AD}.Debug|iPhoneSimulator.Build.0 = Debug|iPhoneSimulator
		{C06D21CB-056C-4613-908D-702314A7E8AD}.Debug|x86.ActiveCfg = Debug|iPhone
		{C06D21CB-056C-4613-908D-702314A7E8AD}.Release|Any CPU.ActiveCfg = Release|iPhone
		{C06D21CB-056C-4613-908D-702314A7E8AD}.Release|ARM.ActiveCfg = Release|iPhone
		{C06D21CB-056C-4613-908D-702314A7E8AD}.Release|iPhone.ActiveCfg = Release|iPhone
		{C06D21CB-056C-4613-908D-702314A7E8AD}.Release|iPhone.Build.0 = Release|iPhone
		{C06D21CB-056C-4613-908D-702314A7E8AD}.Release|iPhoneSimulator.ActiveCfg = Release|iPhoneSimulator
		{C06D21CB-056C-4613-908D-702314A7E8AD}.Release|iPhoneSimulator.Build.0 = Release|iPhoneSimulator
		{C06D21CB-056C-4613-908D-702314A7E8AD}.Release|x86.ActiveCfg = Release|iPhone
		{C4AC1871-8AE8-4FC3-B50D-0A44408E5666}.Ad-Hoc|Any CPU.ActiveCfg = Release|Any CPU
		{C4AC1871-8AE8-4FC3-B50D-0A44408E5666}.Ad-Hoc|Any CPU.Build.0 = Release|Any CPU
		{C4AC1871-8AE8-4FC3-B50D-0A44408E5666}.Ad-Hoc|Any CPU.Deploy.0 = Release|Any CPU
		{C4AC1871-8AE8-4FC3-B50D-0A44408E5666}.Ad-Hoc|ARM.ActiveCfg = Release|ARM
		{C4AC1871-8AE8-4FC3-B50D-0A44408E5666}.Ad-Hoc|ARM.Build.0 = Release|ARM
		{C4AC1871-8AE8-4FC3-B50D-0A44408E5666}.Ad-Hoc|ARM.Deploy.0 = Release|ARM
		{C4AC1871-8AE8-4FC3-B50D-0A44408E5666}.Ad-Hoc|iPhone.ActiveCfg = Release|Any CPU
		{C4AC1871-8AE8-4FC3-B50D-0A44408E5666}.Ad-Hoc|iPhone.Build.0 = Release|Any CPU
		{C4AC1871-8AE8-4FC3-B50D-0A44408E5666}.Ad-Hoc|iPhone.Deploy.0 = Release|Any CPU
		{C4AC1871-8AE8-4FC3-B50D-0A44408E5666}.Ad-Hoc|iPhoneSimulator.ActiveCfg = Release|Any CPU
		{C4AC1871-8AE8-4FC3-B50D-0A44408E5666}.Ad-Hoc|iPhoneSimulator.Build.0 = Release|Any CPU
		{C4AC1871-8AE8-4FC3-B50D-0A44408E5666}.Ad-Hoc|iPhoneSimulator.Deploy.0 = Release|Any CPU
		{C4AC1871-8AE8-4FC3-B50D-0A44408E5666}.Ad-Hoc|x86.ActiveCfg = Release|x86
		{C4AC1871-8AE8-4FC3-B50D-0A44408E5666}.Ad-Hoc|x86.Build.0 = Release|x86
		{C4AC1871-8AE8-4FC3-B50D-0A44408E5666}.Ad-Hoc|x86.Deploy.0 = Release|x86
		{C4AC1871-8AE8-4FC3-B50D-0A44408E5666}.AppStore|Any CPU.ActiveCfg = Release|Any CPU
		{C4AC1871-8AE8-4FC3-B50D-0A44408E5666}.AppStore|Any CPU.Build.0 = Release|Any CPU
		{C4AC1871-8AE8-4FC3-B50D-0A44408E5666}.AppStore|Any CPU.Deploy.0 = Release|Any CPU
		{C4AC1871-8AE8-4FC3-B50D-0A44408E5666}.AppStore|ARM.ActiveCfg = Release|ARM
		{C4AC1871-8AE8-4FC3-B50D-0A44408E5666}.AppStore|ARM.Build.0 = Release|ARM
		{C4AC1871-8AE8-4FC3-B50D-0A44408E5666}.AppStore|ARM.Deploy.0 = Release|ARM
		{C4AC1871-8AE8-4FC3-B50D-0A44408E5666}.AppStore|iPhone.ActiveCfg = Release|Any CPU
		{C4AC1871-8AE8-4FC3-B50D-0A44408E5666}.AppStore|iPhone.Build.0 = Release|Any CPU
		{C4AC1871-8AE8-4FC3-B50D-0A44408E5666}.AppStore|iPhone.Deploy.0 = Release|Any CPU
		{C4AC1871-8AE8-4FC3-B50D-0A44408E5666}.AppStore|iPhoneSimulator.ActiveCfg = Release|Any CPU
		{C4AC1871-8AE8-4FC3-B50D-0A44408E5666}.AppStore|iPhoneSimulator.Build.0 = Release|Any CPU
		{C4AC1871-8AE8-4FC3-B50D-0A44408E5666}.AppStore|iPhoneSimulator.Deploy.0 = Release|Any CPU
		{C4AC1871-8AE8-4FC3-B50D-0A44408E5666}.AppStore|x86.ActiveCfg = Release|x86
		{C4AC1871-8AE8-4FC3-B50D-0A44408E5666}.AppStore|x86.Build.0 = Release|x86
		{C4AC1871-8AE8-4FC3-B50D-0A44408E5666}.AppStore|x86.Deploy.0 = Release|x86
		{C4AC1871-8AE8-4FC3-B50D-0A44408E5666}.Debug|Any CPU.ActiveCfg = Debug|Any CPU
		{C4AC1871-8AE8-4FC3-B50D-0A44408E5666}.Debug|Any CPU.Build.0 = Debug|Any CPU
		{C4AC1871-8AE8-4FC3-B50D-0A44408E5666}.Debug|Any CPU.Deploy.0 = Debug|Any CPU
		{C4AC1871-8AE8-4FC3-B50D-0A44408E5666}.Debug|ARM.ActiveCfg = Debug|ARM
		{C4AC1871-8AE8-4FC3-B50D-0A44408E5666}.Debug|ARM.Build.0 = Debug|ARM
		{C4AC1871-8AE8-4FC3-B50D-0A44408E5666}.Debug|ARM.Deploy.0 = Debug|ARM
		{C4AC1871-8AE8-4FC3-B50D-0A44408E5666}.Debug|iPhone.ActiveCfg = Debug|Any CPU
		{C4AC1871-8AE8-4FC3-B50D-0A44408E5666}.Debug|iPhone.Build.0 = Debug|Any CPU
		{C4AC1871-8AE8-4FC3-B50D-0A44408E5666}.Debug|iPhone.Deploy.0 = Debug|Any CPU
		{C4AC1871-8AE8-4FC3-B50D-0A44408E5666}.Debug|iPhoneSimulator.ActiveCfg = Debug|Any CPU
		{C4AC1871-8AE8-4FC3-B50D-0A44408E5666}.Debug|iPhoneSimulator.Build.0 = Debug|Any CPU
		{C4AC1871-8AE8-4FC3-B50D-0A44408E5666}.Debug|iPhoneSimulator.Deploy.0 = Debug|Any CPU
		{C4AC1871-8AE8-4FC3-B50D-0A44408E5666}.Debug|x86.ActiveCfg = Debug|x86
		{C4AC1871-8AE8-4FC3-B50D-0A44408E5666}.Debug|x86.Build.0 = Debug|x86
		{C4AC1871-8AE8-4FC3-B50D-0A44408E5666}.Debug|x86.Deploy.0 = Debug|x86
		{C4AC1871-8AE8-4FC3-B50D-0A44408E5666}.Release|Any CPU.ActiveCfg = Release|Any CPU
		{C4AC1871-8AE8-4FC3-B50D-0A44408E5666}.Release|Any CPU.Build.0 = Release|Any CPU
		{C4AC1871-8AE8-4FC3-B50D-0A44408E5666}.Release|Any CPU.Deploy.0 = Release|Any CPU
		{C4AC1871-8AE8-4FC3-B50D-0A44408E5666}.Release|ARM.ActiveCfg = Release|ARM
		{C4AC1871-8AE8-4FC3-B50D-0A44408E5666}.Release|ARM.Build.0 = Release|ARM
		{C4AC1871-8AE8-4FC3-B50D-0A44408E5666}.Release|ARM.Deploy.0 = Release|ARM
		{C4AC1871-8AE8-4FC3-B50D-0A44408E5666}.Release|iPhone.ActiveCfg = Release|Any CPU
		{C4AC1871-8AE8-4FC3-B50D-0A44408E5666}.Release|iPhone.Build.0 = Release|Any CPU
		{C4AC1871-8AE8-4FC3-B50D-0A44408E5666}.Release|iPhone.Deploy.0 = Release|Any CPU
		{C4AC1871-8AE8-4FC3-B50D-0A44408E5666}.Release|iPhoneSimulator.ActiveCfg = Release|Any CPU
		{C4AC1871-8AE8-4FC3-B50D-0A44408E5666}.Release|iPhoneSimulator.Build.0 = Release|Any CPU
		{C4AC1871-8AE8-4FC3-B50D-0A44408E5666}.Release|iPhoneSimulator.Deploy.0 = Release|Any CPU
		{C4AC1871-8AE8-4FC3-B50D-0A44408E5666}.Release|x86.ActiveCfg = Release|x86
		{C4AC1871-8AE8-4FC3-B50D-0A44408E5666}.Release|x86.Build.0 = Release|x86
		{C4AC1871-8AE8-4FC3-B50D-0A44408E5666}.Release|x86.Deploy.0 = Release|x86
		{A76CB44D-E7A6-41A6-939D-D74711FE48BE}.Ad-Hoc|Any CPU.ActiveCfg = Release|Any CPU
		{A76CB44D-E7A6-41A6-939D-D74711FE48BE}.Ad-Hoc|Any CPU.Build.0 = Release|Any CPU
		{A76CB44D-E7A6-41A6-939D-D74711FE48BE}.Ad-Hoc|ARM.ActiveCfg = Release|Any CPU
		{A76CB44D-E7A6-41A6-939D-D74711FE48BE}.Ad-Hoc|ARM.Build.0 = Release|Any CPU
		{A76CB44D-E7A6-41A6-939D-D74711FE48BE}.Ad-Hoc|iPhone.ActiveCfg = Release|Any CPU
		{A76CB44D-E7A6-41A6-939D-D74711FE48BE}.Ad-Hoc|iPhone.Build.0 = Release|Any CPU
		{A76CB44D-E7A6-41A6-939D-D74711FE48BE}.Ad-Hoc|iPhoneSimulator.ActiveCfg = Release|Any CPU
		{A76CB44D-E7A6-41A6-939D-D74711FE48BE}.Ad-Hoc|iPhoneSimulator.Build.0 = Release|Any CPU
		{A76CB44D-E7A6-41A6-939D-D74711FE48BE}.Ad-Hoc|x86.ActiveCfg = Release|Any CPU
		{A76CB44D-E7A6-41A6-939D-D74711FE48BE}.Ad-Hoc|x86.Build.0 = Release|Any CPU
		{A76CB44D-E7A6-41A6-939D-D74711FE48BE}.AppStore|Any CPU.ActiveCfg = Release|Any CPU
		{A76CB44D-E7A6-41A6-939D-D74711FE48BE}.AppStore|Any CPU.Build.0 = Release|Any CPU
		{A76CB44D-E7A6-41A6-939D-D74711FE48BE}.AppStore|ARM.ActiveCfg = Release|Any CPU
		{A76CB44D-E7A6-41A6-939D-D74711FE48BE}.AppStore|ARM.Build.0 = Release|Any CPU
		{A76CB44D-E7A6-41A6-939D-D74711FE48BE}.AppStore|iPhone.ActiveCfg = Release|Any CPU
		{A76CB44D-E7A6-41A6-939D-D74711FE48BE}.AppStore|iPhone.Build.0 = Release|Any CPU
		{A76CB44D-E7A6-41A6-939D-D74711FE48BE}.AppStore|iPhoneSimulator.ActiveCfg = Release|Any CPU
		{A76CB44D-E7A6-41A6-939D-D74711FE48BE}.AppStore|iPhoneSimulator.Build.0 = Release|Any CPU
		{A76CB44D-E7A6-41A6-939D-D74711FE48BE}.AppStore|x86.ActiveCfg = Release|Any CPU
		{A76CB44D-E7A6-41A6-939D-D74711FE48BE}.AppStore|x86.Build.0 = Release|Any CPU
		{A76CB44D-E7A6-41A6-939D-D74711FE48BE}.Debug|Any CPU.ActiveCfg = Debug|Any CPU
		{A76CB44D-E7A6-41A6-939D-D74711FE48BE}.Debug|Any CPU.Build.0 = Debug|Any CPU
		{A76CB44D-E7A6-41A6-939D-D74711FE48BE}.Debug|ARM.ActiveCfg = Debug|Any CPU
		{A76CB44D-E7A6-41A6-939D-D74711FE48BE}.Debug|ARM.Build.0 = Debug|Any CPU
		{A76CB44D-E7A6-41A6-939D-D74711FE48BE}.Debug|iPhone.ActiveCfg = Debug|Any CPU
		{A76CB44D-E7A6-41A6-939D-D74711FE48BE}.Debug|iPhone.Build.0 = Debug|Any CPU
		{A76CB44D-E7A6-41A6-939D-D74711FE48BE}.Debug|iPhoneSimulator.ActiveCfg = Debug|Any CPU
		{A76CB44D-E7A6-41A6-939D-D74711FE48BE}.Debug|iPhoneSimulator.Build.0 = Debug|Any CPU
		{A76CB44D-E7A6-41A6-939D-D74711FE48BE}.Debug|x86.ActiveCfg = Debug|Any CPU
		{A76CB44D-E7A6-41A6-939D-D74711FE48BE}.Debug|x86.Build.0 = Debug|Any CPU
		{A76CB44D-E7A6-41A6-939D-D74711FE48BE}.Release|Any CPU.ActiveCfg = Release|Any CPU
		{A76CB44D-E7A6-41A6-939D-D74711FE48BE}.Release|Any CPU.Build.0 = Release|Any CPU
		{A76CB44D-E7A6-41A6-939D-D74711FE48BE}.Release|ARM.ActiveCfg = Release|Any CPU
		{A76CB44D-E7A6-41A6-939D-D74711FE48BE}.Release|ARM.Build.0 = Release|Any CPU
		{A76CB44D-E7A6-41A6-939D-D74711FE48BE}.Release|iPhone.ActiveCfg = Release|Any CPU
		{A76CB44D-E7A6-41A6-939D-D74711FE48BE}.Release|iPhone.Build.0 = Release|Any CPU
		{A76CB44D-E7A6-41A6-939D-D74711FE48BE}.Release|iPhoneSimulator.ActiveCfg = Release|Any CPU
		{A76CB44D-E7A6-41A6-939D-D74711FE48BE}.Release|iPhoneSimulator.Build.0 = Release|Any CPU
		{A76CB44D-E7A6-41A6-939D-D74711FE48BE}.Release|x86.ActiveCfg = Release|Any CPU
		{A76CB44D-E7A6-41A6-939D-D74711FE48BE}.Release|x86.Build.0 = Release|Any CPU
	EndGlobalSection
	GlobalSection(SolutionProperties) = preSolution
		HideSolutionNode = FALSE
	EndGlobalSection
EndGlobal
