
Microsoft Visual Studio Solution File, Format Version 12.00
# Visual Studio 14
VisualStudioVersion = 14.0.23107.0
MinimumVisualStudioVersion = 10.0.40219.1
Project("{FAE04EC0-301F-11D3-BF4B-00C04F79EFBC}") = "ConnectFinance.Droid", "ConnectFinance\ConnectFinance.Droid\ConnectFinance.Droid.csproj", "{E58DA46D-3010-418F-A3A0-C8CA874BDA3F}"
EndProject
Project("{FAE04EC0-301F-11D3-BF4B-00C04F79EFBC}") = "ConnectFinance.iOS", "ConnectFinance\ConnectFinance.iOS\ConnectFinance.iOS.csproj", "{E8389034-C346-4F42-B50F-650D25A6F119}"
EndProject
Project("{FAE04EC0-301F-11D3-BF4B-00C04F79EFBC}") = "ConnectFinance.WinPhone", "ConnectFinance\ConnectFinance.WinPhone\ConnectFinance.WinPhone.csproj", "{7789FB9A-1FFC-45E4-A1F5-31C870288DEB}"
EndProject
Project("{FAE04EC0-301F-11D3-BF4B-00C04F79EFBC}") = "ConnectFinance", "ConnectFinance\ConnectFinance\ConnectFinance.csproj", "{6DF061C1-0544-4030-A395-43B9B3B100F2}"
EndProject
Global
	GlobalSection(SolutionConfigurationPlatforms) = preSolution
		Ad-Hoc|Any CPU = Ad-Hoc|Any CPU
		Ad-Hoc|ARM = Ad-Hoc|ARM
		Ad-Hoc|iPhone = Ad-Hoc|iPhone
		Ad-Hoc|iPhoneSimulator = Ad-Hoc|iPhoneSimulator
		Ad-Hoc|x86 = Ad-Hoc|x86
		AppStore|Any CPU = AppStore|Any CPU
		AppStore|ARM = AppStore|ARM
		AppStore|iPhone = AppStore|iPhone
		AppStore|iPhoneSimulator = AppStore|iPhoneSimulator
		AppStore|x86 = AppStore|x86
		Debug|Any CPU = Debug|Any CPU
		Debug|ARM = Debug|ARM
		Debug|iPhone = Debug|iPhone
		Debug|iPhoneSimulator = Debug|iPhoneSimulator
		Debug|x86 = Debug|x86
		Release|Any CPU = Release|Any CPU
		Release|ARM = Release|ARM
		Release|iPhone = Release|iPhone
		Release|iPhoneSimulator = Release|iPhoneSimulator
		Release|x86 = Release|x86
	EndGlobalSection
	GlobalSection(ProjectConfigurationPlatforms) = postSolution
		{E58DA46D-3010-418F-A3A0-C8CA874BDA3F}.Ad-Hoc|Any CPU.ActiveCfg = Release|Any CPU
		{E58DA46D-3010-418F-A3A0-C8CA874BDA3F}.Ad-Hoc|Any CPU.Build.0 = Release|Any CPU
		{E58DA46D-3010-418F-A3A0-C8CA874BDA3F}.Ad-Hoc|Any CPU.Deploy.0 = Release|Any CPU
		{E58DA46D-3010-418F-A3A0-C8CA874BDA3F}.Ad-Hoc|ARM.ActiveCfg = Release|Any CPU
		{E58DA46D-3010-418F-A3A0-C8CA874BDA3F}.Ad-Hoc|ARM.Build.0 = Release|Any CPU
		{E58DA46D-3010-418F-A3A0-C8CA874BDA3F}.Ad-Hoc|ARM.Deploy.0 = Release|Any CPU
		{E58DA46D-3010-418F-A3A0-C8CA874BDA3F}.Ad-Hoc|iPhone.ActiveCfg = Release|Any CPU
		{E58DA46D-3010-418F-A3A0-C8CA874BDA3F}.Ad-Hoc|iPhone.Build.0 = Release|Any CPU
		{E58DA46D-3010-418F-A3A0-C8CA874BDA3F}.Ad-Hoc|iPhone.Deploy.0 = Release|Any CPU
		{E58DA46D-3010-418F-A3A0-C8CA874BDA3F}.Ad-Hoc|iPhoneSimulator.ActiveCfg = Release|Any CPU
		{E58DA46D-3010-418F-A3A0-C8CA874BDA3F}.Ad-Hoc|iPhoneSimulator.Build.0 = Release|Any CPU
		{E58DA46D-3010-418F-A3A0-C8CA874BDA3F}.Ad-Hoc|iPhoneSimulator.Deploy.0 = Release|Any CPU
		{E58DA46D-3010-418F-A3A0-C8CA874BDA3F}.Ad-Hoc|x86.ActiveCfg = Release|Any CPU
		{E58DA46D-3010-418F-A3A0-C8CA874BDA3F}.Ad-Hoc|x86.Build.0 = Release|Any CPU
		{E58DA46D-3010-418F-A3A0-C8CA874BDA3F}.Ad-Hoc|x86.Deploy.0 = Release|Any CPU
		{E58DA46D-3010-418F-A3A0-C8CA874BDA3F}.AppStore|Any CPU.ActiveCfg = Release|Any CPU
		{E58DA46D-3010-418F-A3A0-C8CA874BDA3F}.AppStore|Any CPU.Build.0 = Release|Any CPU
		{E58DA46D-3010-418F-A3A0-C8CA874BDA3F}.AppStore|Any CPU.Deploy.0 = Release|Any CPU
		{E58DA46D-3010-418F-A3A0-C8CA874BDA3F}.AppStore|ARM.ActiveCfg = Release|Any CPU
		{E58DA46D-3010-418F-A3A0-C8CA874BDA3F}.AppStore|ARM.Build.0 = Release|Any CPU
		{E58DA46D-3010-418F-A3A0-C8CA874BDA3F}.AppStore|ARM.Deploy.0 = Release|Any CPU
		{E58DA46D-3010-418F-A3A0-C8CA874BDA3F}.AppStore|iPhone.ActiveCfg = Release|Any CPU
		{E58DA46D-3010-418F-A3A0-C8CA874BDA3F}.AppStore|iPhone.Build.0 = Release|Any CPU
		{E58DA46D-3010-418F-A3A0-C8CA874BDA3F}.AppStore|iPhone.Deploy.0 = Release|Any CPU
		{E58DA46D-3010-418F-A3A0-C8CA874BDA3F}.AppStore|iPhoneSimulator.ActiveCfg = Release|Any CPU
		{E58DA46D-3010-418F-A3A0-C8CA874BDA3F}.AppStore|iPhoneSimulator.Build.0 = Release|Any CPU
		{E58DA46D-3010-418F-A3A0-C8CA874BDA3F}.AppStore|iPhoneSimulator.Deploy.0 = Release|Any CPU
		{E58DA46D-3010-418F-A3A0-C8CA874BDA3F}.AppStore|x86.ActiveCfg = Release|Any CPU
		{E58DA46D-3010-418F-A3A0-C8CA874BDA3F}.AppStore|x86.Build.0 = Release|Any CPU
		{E58DA46D-3010-418F-A3A0-C8CA874BDA3F}.AppStore|x86.Deploy.0 = Release|Any CPU
		{E58DA46D-3010-418F-A3A0-C8CA874BDA3F}.Debug|Any CPU.ActiveCfg = Debug|Any CPU
		{E58DA46D-3010-418F-A3A0-C8CA874BDA3F}.Debug|Any CPU.Build.0 = Debug|Any CPU
		{E58DA46D-3010-418F-A3A0-C8CA874BDA3F}.Debug|Any CPU.Deploy.0 = Debug|Any CPU
		{E58DA46D-3010-418F-A3A0-C8CA874BDA3F}.Debug|ARM.ActiveCfg = Debug|Any CPU
		{E58DA46D-3010-418F-A3A0-C8CA874BDA3F}.Debug|ARM.Build.0 = Debug|Any CPU
		{E58DA46D-3010-418F-A3A0-C8CA874BDA3F}.Debug|ARM.Deploy.0 = Debug|Any CPU
		{E58DA46D-3010-418F-A3A0-C8CA874BDA3F}.Debug|iPhone.ActiveCfg = Debug|Any CPU
		{E58DA46D-3010-418F-A3A0-C8CA874BDA3F}.Debug|iPhone.Build.0 = Debug|Any CPU
		{E58DA46D-3010-418F-A3A0-C8CA874BDA3F}.Debug|iPhone.Deploy.0 = Debug|Any CPU
		{E58DA46D-3010-418F-A3A0-C8CA874BDA3F}.Debug|iPhoneSimulator.ActiveCfg = Debug|Any CPU
		{E58DA46D-3010-418F-A3A0-C8CA874BDA3F}.Debug|iPhoneSimulator.Build.0 = Debug|Any CPU
		{E58DA46D-3010-418F-A3A0-C8CA874BDA3F}.Debug|iPhoneSimulator.Deploy.0 = Debug|Any CPU
		{E58DA46D-3010-418F-A3A0-C8CA874BDA3F}.Debug|x86.ActiveCfg = Debug|Any CPU
		{E58DA46D-3010-418F-A3A0-C8CA874BDA3F}.Debug|x86.Build.0 = Debug|Any CPU
		{E58DA46D-3010-418F-A3A0-C8CA874BDA3F}.Debug|x86.Deploy.0 = Debug|Any CPU
		{E58DA46D-3010-418F-A3A0-C8CA874BDA3F}.Release|Any CPU.ActiveCfg = Release|Any CPU
		{E58DA46D-3010-418F-A3A0-C8CA874BDA3F}.Release|Any CPU.Build.0 = Release|Any CPU
		{E58DA46D-3010-418F-A3A0-C8CA874BDA3F}.Release|Any CPU.Deploy.0 = Release|Any CPU
		{E58DA46D-3010-418F-A3A0-C8CA874BDA3F}.Release|ARM.ActiveCfg = Release|Any CPU
		{E58DA46D-3010-418F-A3A0-C8CA874BDA3F}.Release|ARM.Build.0 = Release|Any CPU
		{E58DA46D-3010-418F-A3A0-C8CA874BDA3F}.Release|ARM.Deploy.0 = Release|Any CPU
		{E58DA46D-3010-418F-A3A0-C8CA874BDA3F}.Release|iPhone.ActiveCfg = Release|Any CPU
		{E58DA46D-3010-418F-A3A0-C8CA874BDA3F}.Release|iPhone.Build.0 = Release|Any CPU
		{E58DA46D-3010-418F-A3A0-C8CA874BDA3F}.Release|iPhone.Deploy.0 = Release|Any CPU
		{E58DA46D-3010-418F-A3A0-C8CA874BDA3F}.Release|iPhoneSimulator.ActiveCfg = Release|Any CPU
		{E58DA46D-3010-418F-A3A0-C8CA874BDA3F}.Release|iPhoneSimulator.Build.0 = Release|Any CPU
		{E58DA46D-3010-418F-A3A0-C8CA874BDA3F}.Release|iPhoneSimulator.Deploy.0 = Release|Any CPU
		{E58DA46D-3010-418F-A3A0-C8CA874BDA3F}.Release|x86.ActiveCfg = Release|Any CPU
		{E58DA46D-3010-418F-A3A0-C8CA874BDA3F}.Release|x86.Build.0 = Release|Any CPU
		{E58DA46D-3010-418F-A3A0-C8CA874BDA3F}.Release|x86.Deploy.0 = Release|Any CPU
		{E8389034-C346-4F42-B50F-650D25A6F119}.Ad-Hoc|Any CPU.ActiveCfg = Ad-Hoc|iPhone
		{E8389034-C346-4F42-B50F-650D25A6F119}.Ad-Hoc|ARM.ActiveCfg = Ad-Hoc|iPhone
		{E8389034-C346-4F42-B50F-650D25A6F119}.Ad-Hoc|iPhone.ActiveCfg = Ad-Hoc|iPhone
		{E8389034-C346-4F42-B50F-650D25A6F119}.Ad-Hoc|iPhone.Build.0 = Ad-Hoc|iPhone
		{E8389034-C346-4F42-B50F-650D25A6F119}.Ad-Hoc|iPhoneSimulator.ActiveCfg = Ad-Hoc|iPhoneSimulator
		{E8389034-C346-4F42-B50F-650D25A6F119}.Ad-Hoc|iPhoneSimulator.Build.0 = Ad-Hoc|iPhoneSimulator
		{E8389034-C346-4F42-B50F-650D25A6F119}.Ad-Hoc|x86.ActiveCfg = Ad-Hoc|iPhone
		{E8389034-C346-4F42-B50F-650D25A6F119}.AppStore|Any CPU.ActiveCfg = AppStore|iPhone
		{E8389034-C346-4F42-B50F-650D25A6F119}.AppStore|ARM.ActiveCfg = AppStore|iPhone
		{E8389034-C346-4F42-B50F-650D25A6F119}.AppStore|iPhone.ActiveCfg = AppStore|iPhone
		{E8389034-C346-4F42-B50F-650D25A6F119}.AppStore|iPhone.Build.0 = AppStore|iPhone
		{E8389034-C346-4F42-B50F-650D25A6F119}.AppStore|iPhoneSimulator.ActiveCfg = AppStore|iPhoneSimulator
		{E8389034-C346-4F42-B50F-650D25A6F119}.AppStore|iPhoneSimulator.Build.0 = AppStore|iPhoneSimulator
		{E8389034-C346-4F42-B50F-650D25A6F119}.AppStore|x86.ActiveCfg = AppStore|iPhone
		{E8389034-C346-4F42-B50F-650D25A6F119}.Debug|Any CPU.ActiveCfg = Debug|iPhone
		{E8389034-C346-4F42-B50F-650D25A6F119}.Debug|ARM.ActiveCfg = Debug|iPhone
		{E8389034-C346-4F42-B50F-650D25A6F119}.Debug|iPhone.ActiveCfg = Debug|iPhone
		{E8389034-C346-4F42-B50F-650D25A6F119}.Debug|iPhone.Build.0 = Debug|iPhone
		{E8389034-C346-4F42-B50F-650D25A6F119}.Debug|iPhoneSimulator.ActiveCfg = Debug|iPhoneSimulator
		{E8389034-C346-4F42-B50F-650D25A6F119}.Debug|iPhoneSimulator.Build.0 = Debug|iPhoneSimulator
		{E8389034-C346-4F42-B50F-650D25A6F119}.Debug|x86.ActiveCfg = Debug|iPhone
		{E8389034-C346-4F42-B50F-650D25A6F119}.Release|Any CPU.ActiveCfg = Release|iPhone
		{E8389034-C346-4F42-B50F-650D25A6F119}.Release|ARM.ActiveCfg = Release|iPhone
		{E8389034-C346-4F42-B50F-650D25A6F119}.Release|iPhone.ActiveCfg = Release|iPhone
		{E8389034-C346-4F42-B50F-650D25A6F119}.Release|iPhone.Build.0 = Release|iPhone
		{E8389034-C346-4F42-B50F-650D25A6F119}.Release|iPhoneSimulator.ActiveCfg = Release|iPhoneSimulator
		{E8389034-C346-4F42-B50F-650D25A6F119}.Release|iPhoneSimulator.Build.0 = Release|iPhoneSimulator
		{E8389034-C346-4F42-B50F-650D25A6F119}.Release|x86.ActiveCfg = Release|iPhone
		{7789FB9A-1FFC-45E4-A1F5-31C870288DEB}.Ad-Hoc|Any CPU.ActiveCfg = Release|Any CPU
		{7789FB9A-1FFC-45E4-A1F5-31C870288DEB}.Ad-Hoc|Any CPU.Build.0 = Release|Any CPU
		{7789FB9A-1FFC-45E4-A1F5-31C870288DEB}.Ad-Hoc|Any CPU.Deploy.0 = Release|Any CPU
		{7789FB9A-1FFC-45E4-A1F5-31C870288DEB}.Ad-Hoc|ARM.ActiveCfg = Release|ARM
		{7789FB9A-1FFC-45E4-A1F5-31C870288DEB}.Ad-Hoc|ARM.Build.0 = Release|ARM
		{7789FB9A-1FFC-45E4-A1F5-31C870288DEB}.Ad-Hoc|ARM.Deploy.0 = Release|ARM
		{7789FB9A-1FFC-45E4-A1F5-31C870288DEB}.Ad-Hoc|iPhone.ActiveCfg = Release|Any CPU
		{7789FB9A-1FFC-45E4-A1F5-31C870288DEB}.Ad-Hoc|iPhone.Build.0 = Release|Any CPU
		{7789FB9A-1FFC-45E4-A1F5-31C870288DEB}.Ad-Hoc|iPhone.Deploy.0 = Release|Any CPU
		{7789FB9A-1FFC-45E4-A1F5-31C870288DEB}.Ad-Hoc|iPhoneSimulator.ActiveCfg = Release|Any CPU
		{7789FB9A-1FFC-45E4-A1F5-31C870288DEB}.Ad-Hoc|iPhoneSimulator.Build.0 = Release|Any CPU
		{7789FB9A-1FFC-45E4-A1F5-31C870288DEB}.Ad-Hoc|iPhoneSimulator.Deploy.0 = Release|Any CPU
		{7789FB9A-1FFC-45E4-A1F5-31C870288DEB}.Ad-Hoc|x86.ActiveCfg = Release|x86
		{7789FB9A-1FFC-45E4-A1F5-31C870288DEB}.Ad-Hoc|x86.Build.0 = Release|x86
		{7789FB9A-1FFC-45E4-A1F5-31C870288DEB}.Ad-Hoc|x86.Deploy.0 = Release|x86
		{7789FB9A-1FFC-45E4-A1F5-31C870288DEB}.AppStore|Any CPU.ActiveCfg = Release|Any CPU
		{7789FB9A-1FFC-45E4-A1F5-31C870288DEB}.AppStore|Any CPU.Build.0 = Release|Any CPU
		{7789FB9A-1FFC-45E4-A1F5-31C870288DEB}.AppStore|Any CPU.Deploy.0 = Release|Any CPU
		{7789FB9A-1FFC-45E4-A1F5-31C870288DEB}.AppStore|ARM.ActiveCfg = Release|ARM
		{7789FB9A-1FFC-45E4-A1F5-31C870288DEB}.AppStore|ARM.Build.0 = Release|ARM
		{7789FB9A-1FFC-45E4-A1F5-31C870288DEB}.AppStore|ARM.Deploy.0 = Release|ARM
		{7789FB9A-1FFC-45E4-A1F5-31C870288DEB}.AppStore|iPhone.ActiveCfg = Release|Any CPU
		{7789FB9A-1FFC-45E4-A1F5-31C870288DEB}.AppStore|iPhone.Build.0 = Release|Any CPU
		{7789FB9A-1FFC-45E4-A1F5-31C870288DEB}.AppStore|iPhone.Deploy.0 = Release|Any CPU
		{7789FB9A-1FFC-45E4-A1F5-31C870288DEB}.AppStore|iPhoneSimulator.ActiveCfg = Release|Any CPU
		{7789FB9A-1FFC-45E4-A1F5-31C870288DEB}.AppStore|iPhoneSimulator.Build.0 = Release|Any CPU
		{7789FB9A-1FFC-45E4-A1F5-31C870288DEB}.AppStore|iPhoneSimulator.Deploy.0 = Release|Any CPU
		{7789FB9A-1FFC-45E4-A1F5-31C870288DEB}.AppStore|x86.ActiveCfg = Release|x86
		{7789FB9A-1FFC-45E4-A1F5-31C870288DEB}.AppStore|x86.Build.0 = Release|x86
		{7789FB9A-1FFC-45E4-A1F5-31C870288DEB}.AppStore|x86.Deploy.0 = Release|x86
		{7789FB9A-1FFC-45E4-A1F5-31C870288DEB}.Debug|Any CPU.ActiveCfg = Debug|Any CPU
		{7789FB9A-1FFC-45E4-A1F5-31C870288DEB}.Debug|Any CPU.Build.0 = Debug|Any CPU
		{7789FB9A-1FFC-45E4-A1F5-31C870288DEB}.Debug|Any CPU.Deploy.0 = Debug|Any CPU
		{7789FB9A-1FFC-45E4-A1F5-31C870288DEB}.Debug|ARM.ActiveCfg = Debug|ARM
		{7789FB9A-1FFC-45E4-A1F5-31C870288DEB}.Debug|ARM.Build.0 = Debug|ARM
		{7789FB9A-1FFC-45E4-A1F5-31C870288DEB}.Debug|ARM.Deploy.0 = Debug|ARM
		{7789FB9A-1FFC-45E4-A1F5-31C870288DEB}.Debug|iPhone.ActiveCfg = Debug|Any CPU
		{7789FB9A-1FFC-45E4-A1F5-31C870288DEB}.Debug|iPhone.Build.0 = Debug|Any CPU
		{7789FB9A-1FFC-45E4-A1F5-31C870288DEB}.Debug|iPhone.Deploy.0 = Debug|Any CPU
		{7789FB9A-1FFC-45E4-A1F5-31C870288DEB}.Debug|iPhoneSimulator.ActiveCfg = Debug|Any CPU
		{7789FB9A-1FFC-45E4-A1F5-31C870288DEB}.Debug|iPhoneSimulator.Build.0 = Debug|Any CPU
		{7789FB9A-1FFC-45E4-A1F5-31C870288DEB}.Debug|iPhoneSimulator.Deploy.0 = Debug|Any CPU
		{7789FB9A-1FFC-45E4-A1F5-31C870288DEB}.Debug|x86.ActiveCfg = Debug|x86
		{7789FB9A-1FFC-45E4-A1F5-31C870288DEB}.Debug|x86.Build.0 = Debug|x86
		{7789FB9A-1FFC-45E4-A1F5-31C870288DEB}.Debug|x86.Deploy.0 = Debug|x86
		{7789FB9A-1FFC-45E4-A1F5-31C870288DEB}.Release|Any CPU.ActiveCfg = Release|Any CPU
		{7789FB9A-1FFC-45E4-A1F5-31C870288DEB}.Release|Any CPU.Build.0 = Release|Any CPU
		{7789FB9A-1FFC-45E4-A1F5-31C870288DEB}.Release|Any CPU.Deploy.0 = Release|Any CPU
		{7789FB9A-1FFC-45E4-A1F5-31C870288DEB}.Release|ARM.ActiveCfg = Release|ARM
		{7789FB9A-1FFC-45E4-A1F5-31C870288DEB}.Release|ARM.Build.0 = Release|ARM
		{7789FB9A-1FFC-45E4-A1F5-31C870288DEB}.Release|ARM.Deploy.0 = Release|ARM
		{7789FB9A-1FFC-45E4-A1F5-31C870288DEB}.Release|iPhone.ActiveCfg = Release|Any CPU
		{7789FB9A-1FFC-45E4-A1F5-31C870288DEB}.Release|iPhone.Build.0 = Release|Any CPU
		{7789FB9A-1FFC-45E4-A1F5-31C870288DEB}.Release|iPhone.Deploy.0 = Release|Any CPU
		{7789FB9A-1FFC-45E4-A1F5-31C870288DEB}.Release|iPhoneSimulator.ActiveCfg = Release|Any CPU
		{7789FB9A-1FFC-45E4-A1F5-31C870288DEB}.Release|iPhoneSimulator.Build.0 = Release|Any CPU
		{7789FB9A-1FFC-45E4-A1F5-31C870288DEB}.Release|iPhoneSimulator.Deploy.0 = Release|Any CPU
		{7789FB9A-1FFC-45E4-A1F5-31C870288DEB}.Release|x86.ActiveCfg = Release|x86
		{7789FB9A-1FFC-45E4-A1F5-31C870288DEB}.Release|x86.Build.0 = Release|x86
		{7789FB9A-1FFC-45E4-A1F5-31C870288DEB}.Release|x86.Deploy.0 = Release|x86
		{6DF061C1-0544-4030-A395-43B9B3B100F2}.Ad-Hoc|Any CPU.ActiveCfg = Release|Any CPU
		{6DF061C1-0544-4030-A395-43B9B3B100F2}.Ad-Hoc|Any CPU.Build.0 = Release|Any CPU
		{6DF061C1-0544-4030-A395-43B9B3B100F2}.Ad-Hoc|ARM.ActiveCfg = Release|Any CPU
		{6DF061C1-0544-4030-A395-43B9B3B100F2}.Ad-Hoc|ARM.Build.0 = Release|Any CPU
		{6DF061C1-0544-4030-A395-43B9B3B100F2}.Ad-Hoc|iPhone.ActiveCfg = Release|Any CPU
		{6DF061C1-0544-4030-A395-43B9B3B100F2}.Ad-Hoc|iPhone.Build.0 = Release|Any CPU
		{6DF061C1-0544-4030-A395-43B9B3B100F2}.Ad-Hoc|iPhoneSimulator.ActiveCfg = Release|Any CPU
		{6DF061C1-0544-4030-A395-43B9B3B100F2}.Ad-Hoc|iPhoneSimulator.Build.0 = Release|Any CPU
		{6DF061C1-0544-4030-A395-43B9B3B100F2}.Ad-Hoc|x86.ActiveCfg = Release|Any CPU
		{6DF061C1-0544-4030-A395-43B9B3B100F2}.Ad-Hoc|x86.Build.0 = Release|Any CPU
		{6DF061C1-0544-4030-A395-43B9B3B100F2}.AppStore|Any CPU.ActiveCfg = Release|Any CPU
		{6DF061C1-0544-4030-A395-43B9B3B100F2}.AppStore|Any CPU.Build.0 = Release|Any CPU
		{6DF061C1-0544-4030-A395-43B9B3B100F2}.AppStore|ARM.ActiveCfg = Release|Any CPU
		{6DF061C1-0544-4030-A395-43B9B3B100F2}.AppStore|ARM.Build.0 = Release|Any CPU
		{6DF061C1-0544-4030-A395-43B9B3B100F2}.AppStore|iPhone.ActiveCfg = Release|Any CPU
		{6DF061C1-0544-4030-A395-43B9B3B100F2}.AppStore|iPhone.Build.0 = Release|Any CPU
		{6DF061C1-0544-4030-A395-43B9B3B100F2}.AppStore|iPhoneSimulator.ActiveCfg = Release|Any CPU
		{6DF061C1-0544-4030-A395-43B9B3B100F2}.AppStore|iPhoneSimulator.Build.0 = Release|Any CPU
		{6DF061C1-0544-4030-A395-43B9B3B100F2}.AppStore|x86.ActiveCfg = Release|Any CPU
		{6DF061C1-0544-4030-A395-43B9B3B100F2}.AppStore|x86.Build.0 = Release|Any CPU
		{6DF061C1-0544-4030-A395-43B9B3B100F2}.Debug|Any CPU.ActiveCfg = Debug|Any CPU
		{6DF061C1-0544-4030-A395-43B9B3B100F2}.Debug|Any CPU.Build.0 = Debug|Any CPU
		{6DF061C1-0544-4030-A395-43B9B3B100F2}.Debug|ARM.ActiveCfg = Debug|Any CPU
		{6DF061C1-0544-4030-A395-43B9B3B100F2}.Debug|ARM.Build.0 = Debug|Any CPU
		{6DF061C1-0544-4030-A395-43B9B3B100F2}.Debug|iPhone.ActiveCfg = Debug|Any CPU
		{6DF061C1-0544-4030-A395-43B9B3B100F2}.Debug|iPhone.Build.0 = Debug|Any CPU
		{6DF061C1-0544-4030-A395-43B9B3B100F2}.Debug|iPhoneSimulator.ActiveCfg = Debug|Any CPU
		{6DF061C1-0544-4030-A395-43B9B3B100F2}.Debug|iPhoneSimulator.Build.0 = Debug|Any CPU
		{6DF061C1-0544-4030-A395-43B9B3B100F2}.Debug|x86.ActiveCfg = Debug|Any CPU
		{6DF061C1-0544-4030-A395-43B9B3B100F2}.Debug|x86.Build.0 = Debug|Any CPU
		{6DF061C1-0544-4030-A395-43B9B3B100F2}.Release|Any CPU.ActiveCfg = Release|Any CPU
		{6DF061C1-0544-4030-A395-43B9B3B100F2}.Release|Any CPU.Build.0 = Release|Any CPU
		{6DF061C1-0544-4030-A395-43B9B3B100F2}.Release|ARM.ActiveCfg = Release|Any CPU
		{6DF061C1-0544-4030-A395-43B9B3B100F2}.Release|ARM.Build.0 = Release|Any CPU
		{6DF061C1-0544-4030-A395-43B9B3B100F2}.Release|iPhone.ActiveCfg = Release|Any CPU
		{6DF061C1-0544-4030-A395-43B9B3B100F2}.Release|iPhone.Build.0 = Release|Any CPU
		{6DF061C1-0544-4030-A395-43B9B3B100F2}.Release|iPhoneSimulator.ActiveCfg = Release|Any CPU
		{6DF061C1-0544-4030-A395-43B9B3B100F2}.Release|iPhoneSimulator.Build.0 = Release|Any CPU
		{6DF061C1-0544-4030-A395-43B9B3B100F2}.Release|x86.ActiveCfg = Release|Any CPU
		{6DF061C1-0544-4030-A395-43B9B3B100F2}.Release|x86.Build.0 = Release|Any CPU
	EndGlobalSection
	GlobalSection(SolutionProperties) = preSolution
		HideSolutionNode = FALSE
	EndGlobalSection
EndGlobal
