
Microsoft Visual Studio Solution File, Format Version 12.00
# Visual Studio 14
VisualStudioVersion = 14.0.23107.0
MinimumVisualStudioVersion = 10.0.40219.1
Project("{FAE04EC0-301F-11D3-BF4B-00C04F79EFBC}") = "ConnectFinance_1.Droid", "ConnectFinance_1\ConnectFinance_1.Droid\ConnectFinance_1.Droid.csproj", "{50E02D2F-9AF5-460E-ADFD-5842103780D3}"
EndProject
Project("{FAE04EC0-301F-11D3-BF4B-00C04F79EFBC}") = "ConnectFinance_1.iOS", "ConnectFinance_1\ConnectFinance_1.iOS\ConnectFinance_1.iOS.csproj", "{62FEEE5E-2111-4663-8CCA-81B7FD4B102D}"
EndProject
Project("{FAE04EC0-301F-11D3-BF4B-00C04F79EFBC}") = "ConnectFinance_1.WinPhone", "ConnectFinance_1\ConnectFinance_1.WinPhone\ConnectFinance_1.WinPhone.csproj", "{62A2AE80-559A-45FA-8555-9F04A6D0BF34}"
EndProject
Project("{D954291E-2A0B-460D-934E-DC6B0785DB48}") = "ConnectFinance_1", "ConnectFinance_1\ConnectFinance_1\ConnectFinance_1.shproj", "{42537121-0906-42F6-B961-35021A1F6032}"
EndProject
Global
	GlobalSection(SharedMSBuildProjectFiles) = preSolution
		ConnectFinance_1\ConnectFinance_1\ConnectFinance_1.projitems*{50e02d2f-9af5-460e-adfd-5842103780d3}*SharedItemsImports = 4
		ConnectFinance_1\ConnectFinance_1\ConnectFinance_1.projitems*{62feee5e-2111-4663-8cca-81b7fd4b102d}*SharedItemsImports = 4
		ConnectFinance_1\ConnectFinance_1\ConnectFinance_1.projitems*{42537121-0906-42f6-b961-35021a1f6032}*SharedItemsImports = 13
	EndGlobalSection
	GlobalSection(SolutionConfigurationPlatforms) = preSolution
		Ad-Hoc|Any CPU = Ad-Hoc|Any CPU
		Ad-Hoc|ARM = Ad-Hoc|ARM
		Ad-Hoc|iPhone = Ad-Hoc|iPhone
		Ad-Hoc|iPhoneSimulator = Ad-Hoc|iPhoneSimulator
		Ad-Hoc|x86 = Ad-Hoc|x86
		AppStore|Any CPU = AppStore|Any CPU
		AppStore|ARM = AppStore|ARM
		AppStore|iPhone = AppStore|iPhone
		AppStore|iPhoneSimulator = AppStore|iPhoneSimulator
		AppStore|x86 = AppStore|x86
		Debug|Any CPU = Debug|Any CPU
		Debug|ARM = Debug|ARM
		Debug|iPhone = Debug|iPhone
		Debug|iPhoneSimulator = Debug|iPhoneSimulator
		Debug|x86 = Debug|x86
		Release|Any CPU = Release|Any CPU
		Release|ARM = Release|ARM
		Release|iPhone = Release|iPhone
		Release|iPhoneSimulator = Release|iPhoneSimulator
		Release|x86 = Release|x86
	EndGlobalSection
	GlobalSection(ProjectConfigurationPlatforms) = postSolution
		{50E02D2F-9AF5-460E-ADFD-5842103780D3}.Ad-Hoc|Any CPU.ActiveCfg = Release|Any CPU
		{50E02D2F-9AF5-460E-ADFD-5842103780D3}.Ad-Hoc|Any CPU.Build.0 = Release|Any CPU
		{50E02D2F-9AF5-460E-ADFD-5842103780D3}.Ad-Hoc|Any CPU.Deploy.0 = Release|Any CPU
		{50E02D2F-9AF5-460E-ADFD-5842103780D3}.Ad-Hoc|ARM.ActiveCfg = Release|Any CPU
		{50E02D2F-9AF5-460E-ADFD-5842103780D3}.Ad-Hoc|ARM.Build.0 = Release|Any CPU
		{50E02D2F-9AF5-460E-ADFD-5842103780D3}.Ad-Hoc|ARM.Deploy.0 = Release|Any CPU
		{50E02D2F-9AF5-460E-ADFD-5842103780D3}.Ad-Hoc|iPhone.ActiveCfg = Release|Any CPU
		{50E02D2F-9AF5-460E-ADFD-5842103780D3}.Ad-Hoc|iPhone.Build.0 = Release|Any CPU
		{50E02D2F-9AF5-460E-ADFD-5842103780D3}.Ad-Hoc|iPhone.Deploy.0 = Release|Any CPU
		{50E02D2F-9AF5-460E-ADFD-5842103780D3}.Ad-Hoc|iPhoneSimulator.ActiveCfg = Release|Any CPU
		{50E02D2F-9AF5-460E-ADFD-5842103780D3}.Ad-Hoc|iPhoneSimulator.Build.0 = Release|Any CPU
		{50E02D2F-9AF5-460E-ADFD-5842103780D3}.Ad-Hoc|iPhoneSimulator.Deploy.0 = Release|Any CPU
		{50E02D2F-9AF5-460E-ADFD-5842103780D3}.Ad-Hoc|x86.ActiveCfg = Release|Any CPU
		{50E02D2F-9AF5-460E-ADFD-5842103780D3}.Ad-Hoc|x86.Build.0 = Release|Any CPU
		{50E02D2F-9AF5-460E-ADFD-5842103780D3}.Ad-Hoc|x86.Deploy.0 = Release|Any CPU
		{50E02D2F-9AF5-460E-ADFD-5842103780D3}.AppStore|Any CPU.ActiveCfg = Release|Any CPU
		{50E02D2F-9AF5-460E-ADFD-5842103780D3}.AppStore|Any CPU.Build.0 = Release|Any CPU
		{50E02D2F-9AF5-460E-ADFD-5842103780D3}.AppStore|Any CPU.Deploy.0 = Release|Any CPU
		{50E02D2F-9AF5-460E-ADFD-5842103780D3}.AppStore|ARM.ActiveCfg = Release|Any CPU
		{50E02D2F-9AF5-460E-ADFD-5842103780D3}.AppStore|ARM.Build.0 = Release|Any CPU
		{50E02D2F-9AF5-460E-ADFD-5842103780D3}.AppStore|ARM.Deploy.0 = Release|Any CPU
		{50E02D2F-9AF5-460E-ADFD-5842103780D3}.AppStore|iPhone.ActiveCfg = Release|Any CPU
		{50E02D2F-9AF5-460E-ADFD-5842103780D3}.AppStore|iPhone.Build.0 = Release|Any CPU
		{50E02D2F-9AF5-460E-ADFD-5842103780D3}.AppStore|iPhone.Deploy.0 = Release|Any CPU
		{50E02D2F-9AF5-460E-ADFD-5842103780D3}.AppStore|iPhoneSimulator.ActiveCfg = Release|Any CPU
		{50E02D2F-9AF5-460E-ADFD-5842103780D3}.AppStore|iPhoneSimulator.Build.0 = Release|Any CPU
		{50E02D2F-9AF5-460E-ADFD-5842103780D3}.AppStore|iPhoneSimulator.Deploy.0 = Release|Any CPU
		{50E02D2F-9AF5-460E-ADFD-5842103780D3}.AppStore|x86.ActiveCfg = Release|Any CPU
		{50E02D2F-9AF5-460E-ADFD-5842103780D3}.AppStore|x86.Build.0 = Release|Any CPU
		{50E02D2F-9AF5-460E-ADFD-5842103780D3}.AppStore|x86.Deploy.0 = Release|Any CPU
		{50E02D2F-9AF5-460E-ADFD-5842103780D3}.Debug|Any CPU.ActiveCfg = Debug|Any CPU
		{50E02D2F-9AF5-460E-ADFD-5842103780D3}.Debug|Any CPU.Build.0 = Debug|Any CPU
		{50E02D2F-9AF5-460E-ADFD-5842103780D3}.Debug|Any CPU.Deploy.0 = Debug|Any CPU
		{50E02D2F-9AF5-460E-ADFD-5842103780D3}.Debug|ARM.ActiveCfg = Debug|Any CPU
		{50E02D2F-9AF5-460E-ADFD-5842103780D3}.Debug|ARM.Build.0 = Debug|Any CPU
		{50E02D2F-9AF5-460E-ADFD-5842103780D3}.Debug|ARM.Deploy.0 = Debug|Any CPU
		{50E02D2F-9AF5-460E-ADFD-5842103780D3}.Debug|iPhone.ActiveCfg = Debug|Any CPU
		{50E02D2F-9AF5-460E-ADFD-5842103780D3}.Debug|iPhone.Build.0 = Debug|Any CPU
		{50E02D2F-9AF5-460E-ADFD-5842103780D3}.Debug|iPhone.Deploy.0 = Debug|Any CPU
		{50E02D2F-9AF5-460E-ADFD-5842103780D3}.Debug|iPhoneSimulator.ActiveCfg = Debug|Any CPU
		{50E02D2F-9AF5-460E-ADFD-5842103780D3}.Debug|iPhoneSimulator.Build.0 = Debug|Any CPU
		{50E02D2F-9AF5-460E-ADFD-5842103780D3}.Debug|iPhoneSimulator.Deploy.0 = Debug|Any CPU
		{50E02D2F-9AF5-460E-ADFD-5842103780D3}.Debug|x86.ActiveCfg = Debug|Any CPU
		{50E02D2F-9AF5-460E-ADFD-5842103780D3}.Debug|x86.Build.0 = Debug|Any CPU
		{50E02D2F-9AF5-460E-ADFD-5842103780D3}.Debug|x86.Deploy.0 = Debug|Any CPU
		{50E02D2F-9AF5-460E-ADFD-5842103780D3}.Release|Any CPU.ActiveCfg = Release|Any CPU
		{50E02D2F-9AF5-460E-ADFD-5842103780D3}.Release|Any CPU.Build.0 = Release|Any CPU
		{50E02D2F-9AF5-460E-ADFD-5842103780D3}.Release|Any CPU.Deploy.0 = Release|Any CPU
		{50E02D2F-9AF5-460E-ADFD-5842103780D3}.Release|ARM.ActiveCfg = Release|Any CPU
		{50E02D2F-9AF5-460E-ADFD-5842103780D3}.Release|ARM.Build.0 = Release|Any CPU
		{50E02D2F-9AF5-460E-ADFD-5842103780D3}.Release|ARM.Deploy.0 = Release|Any CPU
		{50E02D2F-9AF5-460E-ADFD-5842103780D3}.Release|iPhone.ActiveCfg = Release|Any CPU
		{50E02D2F-9AF5-460E-ADFD-5842103780D3}.Release|iPhone.Build.0 = Release|Any CPU
		{50E02D2F-9AF5-460E-ADFD-5842103780D3}.Release|iPhone.Deploy.0 = Release|Any CPU
		{50E02D2F-9AF5-460E-ADFD-5842103780D3}.Release|iPhoneSimulator.ActiveCfg = Release|Any CPU
		{50E02D2F-9AF5-460E-ADFD-5842103780D3}.Release|iPhoneSimulator.Build.0 = Release|Any CPU
		{50E02D2F-9AF5-460E-ADFD-5842103780D3}.Release|iPhoneSimulator.Deploy.0 = Release|Any CPU
		{50E02D2F-9AF5-460E-ADFD-5842103780D3}.Release|x86.ActiveCfg = Release|Any CPU
		{50E02D2F-9AF5-460E-ADFD-5842103780D3}.Release|x86.Build.0 = Release|Any CPU
		{50E02D2F-9AF5-460E-ADFD-5842103780D3}.Release|x86.Deploy.0 = Release|Any CPU
		{62FEEE5E-2111-4663-8CCA-81B7FD4B102D}.Ad-Hoc|Any CPU.ActiveCfg = Ad-Hoc|iPhone
		{62FEEE5E-2111-4663-8CCA-81B7FD4B102D}.Ad-Hoc|ARM.ActiveCfg = Ad-Hoc|iPhone
		{62FEEE5E-2111-4663-8CCA-81B7FD4B102D}.Ad-Hoc|iPhone.ActiveCfg = Ad-Hoc|iPhone
		{62FEEE5E-2111-4663-8CCA-81B7FD4B102D}.Ad-Hoc|iPhone.Build.0 = Ad-Hoc|iPhone
		{62FEEE5E-2111-4663-8CCA-81B7FD4B102D}.Ad-Hoc|iPhoneSimulator.ActiveCfg = Ad-Hoc|iPhoneSimulator
		{62FEEE5E-2111-4663-8CCA-81B7FD4B102D}.Ad-Hoc|iPhoneSimulator.Build.0 = Ad-Hoc|iPhoneSimulator
		{62FEEE5E-2111-4663-8CCA-81B7FD4B102D}.Ad-Hoc|x86.ActiveCfg = Ad-Hoc|iPhone
		{62FEEE5E-2111-4663-8CCA-81B7FD4B102D}.AppStore|Any CPU.ActiveCfg = AppStore|iPhone
		{62FEEE5E-2111-4663-8CCA-81B7FD4B102D}.AppStore|ARM.ActiveCfg = AppStore|iPhone
		{62FEEE5E-2111-4663-8CCA-81B7FD4B102D}.AppStore|iPhone.ActiveCfg = AppStore|iPhone
		{62FEEE5E-2111-4663-8CCA-81B7FD4B102D}.AppStore|iPhone.Build.0 = AppStore|iPhone
		{62FEEE5E-2111-4663-8CCA-81B7FD4B102D}.AppStore|iPhoneSimulator.ActiveCfg = AppStore|iPhoneSimulator
		{62FEEE5E-2111-4663-8CCA-81B7FD4B102D}.AppStore|iPhoneSimulator.Build.0 = AppStore|iPhoneSimulator
		{62FEEE5E-2111-4663-8CCA-81B7FD4B102D}.AppStore|x86.ActiveCfg = AppStore|iPhone
		{62FEEE5E-2111-4663-8CCA-81B7FD4B102D}.Debug|Any CPU.ActiveCfg = Debug|iPhone
		{62FEEE5E-2111-4663-8CCA-81B7FD4B102D}.Debug|ARM.ActiveCfg = Debug|iPhone
		{62FEEE5E-2111-4663-8CCA-81B7FD4B102D}.Debug|iPhone.ActiveCfg = Debug|iPhone
		{62FEEE5E-2111-4663-8CCA-81B7FD4B102D}.Debug|iPhone.Build.0 = Debug|iPhone
		{62FEEE5E-2111-4663-8CCA-81B7FD4B102D}.Debug|iPhoneSimulator.ActiveCfg = Debug|iPhoneSimulator
		{62FEEE5E-2111-4663-8CCA-81B7FD4B102D}.Debug|iPhoneSimulator.Build.0 = Debug|iPhoneSimulator
		{62FEEE5E-2111-4663-8CCA-81B7FD4B102D}.Debug|x86.ActiveCfg = Debug|iPhone
		{62FEEE5E-2111-4663-8CCA-81B7FD4B102D}.Release|Any CPU.ActiveCfg = Release|iPhone
		{62FEEE5E-2111-4663-8CCA-81B7FD4B102D}.Release|ARM.ActiveCfg = Release|iPhone
		{62FEEE5E-2111-4663-8CCA-81B7FD4B102D}.Release|iPhone.ActiveCfg = Release|iPhone
		{62FEEE5E-2111-4663-8CCA-81B7FD4B102D}.Release|iPhone.Build.0 = Release|iPhone
		{62FEEE5E-2111-4663-8CCA-81B7FD4B102D}.Release|iPhoneSimulator.ActiveCfg = Release|iPhoneSimulator
		{62FEEE5E-2111-4663-8CCA-81B7FD4B102D}.Release|iPhoneSimulator.Build.0 = Release|iPhoneSimulator
		{62FEEE5E-2111-4663-8CCA-81B7FD4B102D}.Release|x86.ActiveCfg = Release|iPhone
		{62A2AE80-559A-45FA-8555-9F04A6D0BF34}.Ad-Hoc|Any CPU.ActiveCfg = Release|Any CPU
		{62A2AE80-559A-45FA-8555-9F04A6D0BF34}.Ad-Hoc|Any CPU.Build.0 = Release|Any CPU
		{62A2AE80-559A-45FA-8555-9F04A6D0BF34}.Ad-Hoc|Any CPU.Deploy.0 = Release|Any CPU
		{62A2AE80-559A-45FA-8555-9F04A6D0BF34}.Ad-Hoc|ARM.ActiveCfg = Release|ARM
		{62A2AE80-559A-45FA-8555-9F04A6D0BF34}.Ad-Hoc|ARM.Build.0 = Release|ARM
		{62A2AE80-559A-45FA-8555-9F04A6D0BF34}.Ad-Hoc|ARM.Deploy.0 = Release|ARM
		{62A2AE80-559A-45FA-8555-9F04A6D0BF34}.Ad-Hoc|iPhone.ActiveCfg = Release|Any CPU
		{62A2AE80-559A-45FA-8555-9F04A6D0BF34}.Ad-Hoc|iPhone.Build.0 = Release|Any CPU
		{62A2AE80-559A-45FA-8555-9F04A6D0BF34}.Ad-Hoc|iPhone.Deploy.0 = Release|Any CPU
		{62A2AE80-559A-45FA-8555-9F04A6D0BF34}.Ad-Hoc|iPhoneSimulator.ActiveCfg = Release|Any CPU
		{62A2AE80-559A-45FA-8555-9F04A6D0BF34}.Ad-Hoc|iPhoneSimulator.Build.0 = Release|Any CPU
		{62A2AE80-559A-45FA-8555-9F04A6D0BF34}.Ad-Hoc|iPhoneSimulator.Deploy.0 = Release|Any CPU
		{62A2AE80-559A-45FA-8555-9F04A6D0BF34}.Ad-Hoc|x86.ActiveCfg = Release|x86
		{62A2AE80-559A-45FA-8555-9F04A6D0BF34}.Ad-Hoc|x86.Build.0 = Release|x86
		{62A2AE80-559A-45FA-8555-9F04A6D0BF34}.Ad-Hoc|x86.Deploy.0 = Release|x86
		{62A2AE80-559A-45FA-8555-9F04A6D0BF34}.AppStore|Any CPU.ActiveCfg = Release|Any CPU
		{62A2AE80-559A-45FA-8555-9F04A6D0BF34}.AppStore|Any CPU.Build.0 = Release|Any CPU
		{62A2AE80-559A-45FA-8555-9F04A6D0BF34}.AppStore|Any CPU.Deploy.0 = Release|Any CPU
		{62A2AE80-559A-45FA-8555-9F04A6D0BF34}.AppStore|ARM.ActiveCfg = Release|ARM
		{62A2AE80-559A-45FA-8555-9F04A6D0BF34}.AppStore|ARM.Build.0 = Release|ARM
		{62A2AE80-559A-45FA-8555-9F04A6D0BF34}.AppStore|ARM.Deploy.0 = Release|ARM
		{62A2AE80-559A-45FA-8555-9F04A6D0BF34}.AppStore|iPhone.ActiveCfg = Release|Any CPU
		{62A2AE80-559A-45FA-8555-9F04A6D0BF34}.AppStore|iPhone.Build.0 = Release|Any CPU
		{62A2AE80-559A-45FA-8555-9F04A6D0BF34}.AppStore|iPhone.Deploy.0 = Release|Any CPU
		{62A2AE80-559A-45FA-8555-9F04A6D0BF34}.AppStore|iPhoneSimulator.ActiveCfg = Release|Any CPU
		{62A2AE80-559A-45FA-8555-9F04A6D0BF34}.AppStore|iPhoneSimulator.Build.0 = Release|Any CPU
		{62A2AE80-559A-45FA-8555-9F04A6D0BF34}.AppStore|iPhoneSimulator.Deploy.0 = Release|Any CPU
		{62A2AE80-559A-45FA-8555-9F04A6D0BF34}.AppStore|x86.ActiveCfg = Release|x86
		{62A2AE80-559A-45FA-8555-9F04A6D0BF34}.AppStore|x86.Build.0 = Release|x86
		{62A2AE80-559A-45FA-8555-9F04A6D0BF34}.AppStore|x86.Deploy.0 = Release|x86
		{62A2AE80-559A-45FA-8555-9F04A6D0BF34}.Debug|Any CPU.ActiveCfg = Debug|Any CPU
		{62A2AE80-559A-45FA-8555-9F04A6D0BF34}.Debug|Any CPU.Build.0 = Debug|Any CPU
		{62A2AE80-559A-45FA-8555-9F04A6D0BF34}.Debug|Any CPU.Deploy.0 = Debug|Any CPU
		{62A2AE80-559A-45FA-8555-9F04A6D0BF34}.Debug|ARM.ActiveCfg = Debug|ARM
		{62A2AE80-559A-45FA-8555-9F04A6D0BF34}.Debug|ARM.Build.0 = Debug|ARM
		{62A2AE80-559A-45FA-8555-9F04A6D0BF34}.Debug|ARM.Deploy.0 = Debug|ARM
		{62A2AE80-559A-45FA-8555-9F04A6D0BF34}.Debug|iPhone.ActiveCfg = Debug|Any CPU
		{62A2AE80-559A-45FA-8555-9F04A6D0BF34}.Debug|iPhone.Build.0 = Debug|Any CPU
		{62A2AE80-559A-45FA-8555-9F04A6D0BF34}.Debug|iPhone.Deploy.0 = Debug|Any CPU
		{62A2AE80-559A-45FA-8555-9F04A6D0BF34}.Debug|iPhoneSimulator.ActiveCfg = Debug|Any CPU
		{62A2AE80-559A-45FA-8555-9F04A6D0BF34}.Debug|iPhoneSimulator.Build.0 = Debug|Any CPU
		{62A2AE80-559A-45FA-8555-9F04A6D0BF34}.Debug|iPhoneSimulator.Deploy.0 = Debug|Any CPU
		{62A2AE80-559A-45FA-8555-9F04A6D0BF34}.Debug|x86.ActiveCfg = Debug|x86
		{62A2AE80-559A-45FA-8555-9F04A6D0BF34}.Debug|x86.Build.0 = Debug|x86
		{62A2AE80-559A-45FA-8555-9F04A6D0BF34}.Debug|x86.Deploy.0 = Debug|x86
		{62A2AE80-559A-45FA-8555-9F04A6D0BF34}.Release|Any CPU.ActiveCfg = Release|Any CPU
		{62A2AE80-559A-45FA-8555-9F04A6D0BF34}.Release|Any CPU.Build.0 = Release|Any CPU
		{62A2AE80-559A-45FA-8555-9F04A6D0BF34}.Release|Any CPU.Deploy.0 = Release|Any CPU
		{62A2AE80-559A-45FA-8555-9F04A6D0BF34}.Release|ARM.ActiveCfg = Release|ARM
		{62A2AE80-559A-45FA-8555-9F04A6D0BF34}.Release|ARM.Build.0 = Release|ARM
		{62A2AE80-559A-45FA-8555-9F04A6D0BF34}.Release|ARM.Deploy.0 = Release|ARM
		{62A2AE80-559A-45FA-8555-9F04A6D0BF34}.Release|iPhone.ActiveCfg = Release|Any CPU
		{62A2AE80-559A-45FA-8555-9F04A6D0BF34}.Release|iPhone.Build.0 = Release|Any CPU
		{62A2AE80-559A-45FA-8555-9F04A6D0BF34}.Release|iPhone.Deploy.0 = Release|Any CPU
		{62A2AE80-559A-45FA-8555-9F04A6D0BF34}.Release|iPhoneSimulator.ActiveCfg = Release|Any CPU
		{62A2AE80-559A-45FA-8555-9F04A6D0BF34}.Release|iPhoneSimulator.Build.0 = Release|Any CPU
		{62A2AE80-559A-45FA-8555-9F04A6D0BF34}.Release|iPhoneSimulator.Deploy.0 = Release|Any CPU
		{62A2AE80-559A-45FA-8555-9F04A6D0BF34}.Release|x86.ActiveCfg = Release|x86
		{62A2AE80-559A-45FA-8555-9F04A6D0BF34}.Release|x86.Build.0 = Release|x86
		{62A2AE80-559A-45FA-8555-9F04A6D0BF34}.Release|x86.Deploy.0 = Release|x86
	EndGlobalSection
	GlobalSection(SolutionProperties) = preSolution
		HideSolutionNode = FALSE
	EndGlobalSection
EndGlobal
